
Microsoft Visual Studio Solution File, Format Version 12.00
# Visual Studio Version 16
VisualStudioVersion = 16.0.30413.136
MinimumVisualStudioVersion = 10.0.40219.1
Project("{FAE04EC0-301F-11D3-BF4B-00C04F79EFBC}") = "Session02Exercise", "Session02Exercise\Session02Exercise.csproj", "{EE796E59-B03A-40E8-919A-661848899648}"
EndProject
Global
	GlobalSection(SolutionConfigurationPlatforms) = preSolution
		Debug|Any CPU = Debug|Any CPU
		Release|Any CPU = Release|Any CPU
	EndGlobalSection
	GlobalSection(ProjectConfigurationPlatforms) = postSolution
		{EE796E59-B03A-40E8-919A-661848899648}.Debug|Any CPU.ActiveCfg = Debug|Any CPU
		{EE796E59-B03A-40E8-919A-661848899648}.Debug|Any CPU.Build.0 = Debug|Any CPU
		{EE796E59-B03A-40E8-919A-661848899648}.Release|Any CPU.ActiveCfg = Release|Any CPU
		{EE796E59-B03A-40E8-919A-661848899648}.Release|Any CPU.Build.0 = Release|Any CPU
	EndGlobalSection
	GlobalSection(SolutionProperties) = preSolution
		HideSolutionNode = FALSE
	EndGlobalSection
	GlobalSection(ExtensibilityGlobals) = postSolution
		SolutionGuid = {82021085-6576-418E-8E1C-525AC3CDE4B1}
	EndGlobalSection
EndGlobal
